
Microsoft Visual Studio Solution File, Format Version 12.00
# Visual Studio Version 17
VisualStudioVersion = 17.9.34622.214
MinimumVisualStudioVersion = 10.0.40219.1
Project("{FAE04EC0-301F-11D3-BF4B-00C04F79EFBC}") = "Info", "Info.csproj", "{64366DE8-1F44-455A-83E2-750A4D5ED808}"
EndProject
Global
	GlobalSection(SolutionConfigurationPlatforms) = preSolution
		Debug|Any CPU = Debug|Any CPU
		Release|Any CPU = Release|Any CPU
	EndGlobalSection
	GlobalSection(ProjectConfigurationPlatforms) = postSolution
		{64366DE8-1F44-455A-83E2-750A4D5ED808}.Debug|Any CPU.ActiveCfg = Debug|Any CPU
		{64366DE8-1F44-455A-83E2-750A4D5ED808}.Debug|Any CPU.Build.0 = Debug|Any CPU
		{64366DE8-1F44-455A-83E2-750A4D5ED808}.Release|Any CPU.ActiveCfg = Release|Any CPU
		{64366DE8-1F44-455A-83E2-750A4D5ED808}.Release|Any CPU.Build.0 = Release|Any CPU
	EndGlobalSection
	GlobalSection(SolutionProperties) = preSolution
		HideSolutionNode = FALSE
	EndGlobalSection
	GlobalSection(ExtensibilityGlobals) = postSolution
		SolutionGuid = {0E85FEC9-35C6-4D97-A23B-9741FE066AA9}
	EndGlobalSection
EndGlobal
